
Microsoft Visual Studio Solution File, Format Version 12.00
Project("{2150E333-8FDC-42A3-9474-1A3956D46DE8}") = "SolutionFolder", "SolutionFolder", "{05B15FF3-4891-454F-99A4-4B4B91E22B26}"
	ProjectSection(SolutionItems) = preProject
		README.md = README.md
		Directory.Build.props = Directory.Build.props
		Directory.Build.targets = Directory.Build.targets
	EndProjectSection
EndProject
Project("{2150E333-8FDC-42A3-9474-1A3956D46DE8}") = "src", "src", "{B18484EB-C6A4-45C0-AF0E-924FFA44A3E9}"
EndProject
Project("{2150E333-8FDC-42A3-9474-1A3956D46DE8}") = "test", "test", "{4F95E3CB-A843-4756-B17D-3D22BBFDFD57}"
EndProject
Project("{FAE04EC0-301F-11D3-BF4B-00C04F79EFBC}") = "SusanIn.Domain", "src\SusanIn.Domain\SusanIn.Domain.csproj", "{EEDC16D7-A93D-4AB9-82AF-574D30926A6B}"
EndProject
Project("{FAE04EC0-301F-11D3-BF4B-00C04F79EFBC}") = "SusanIn.Domain.Tests", "test\SusanIn.Domain.Tests\SusanIn.Domain.Tests.csproj", "{675F40A8-117E-4DAD-A5F9-F083CE0D23F7}"
EndProject
Project("{FAE04EC0-301F-11D3-BF4B-00C04F79EFBC}") = "Susanin.Architecture.Tests", "test\Susanin.Architecture.Tests\Susanin.Architecture.Tests.csproj", "{9A67F7DE-D006-4A72-BD1D-D99A4ACDE414}"
EndProject
Project("{FAE04EC0-301F-11D3-BF4B-00C04F79EFBC}") = "Common.Domain", "src\Common.Domain\Common.Domain.csproj", "{DD153A6D-33FC-4886-8124-71DAB8E4D8D9}"
EndProject
Global
	GlobalSection(SolutionConfigurationPlatforms) = preSolution
		Debug|Any CPU = Debug|Any CPU
		Release|Any CPU = Release|Any CPU
	EndGlobalSection
	GlobalSection(NestedProjects) = preSolution
		{EEDC16D7-A93D-4AB9-82AF-574D30926A6B} = {B18484EB-C6A4-45C0-AF0E-924FFA44A3E9}
		{675F40A8-117E-4DAD-A5F9-F083CE0D23F7} = {4F95E3CB-A843-4756-B17D-3D22BBFDFD57}
		{9A67F7DE-D006-4A72-BD1D-D99A4ACDE414} = {4F95E3CB-A843-4756-B17D-3D22BBFDFD57}
		{DD153A6D-33FC-4886-8124-71DAB8E4D8D9} = {B18484EB-C6A4-45C0-AF0E-924FFA44A3E9}
	EndGlobalSection
	GlobalSection(ProjectConfigurationPlatforms) = postSolution
		{EEDC16D7-A93D-4AB9-82AF-574D30926A6B}.Debug|Any CPU.ActiveCfg = Debug|Any CPU
		{EEDC16D7-A93D-4AB9-82AF-574D30926A6B}.Debug|Any CPU.Build.0 = Debug|Any CPU
		{EEDC16D7-A93D-4AB9-82AF-574D30926A6B}.Release|Any CPU.ActiveCfg = Release|Any CPU
		{EEDC16D7-A93D-4AB9-82AF-574D30926A6B}.Release|Any CPU.Build.0 = Release|Any CPU
		{675F40A8-117E-4DAD-A5F9-F083CE0D23F7}.Debug|Any CPU.ActiveCfg = Debug|Any CPU
		{675F40A8-117E-4DAD-A5F9-F083CE0D23F7}.Debug|Any CPU.Build.0 = Debug|Any CPU
		{675F40A8-117E-4DAD-A5F9-F083CE0D23F7}.Release|Any CPU.ActiveCfg = Release|Any CPU
		{675F40A8-117E-4DAD-A5F9-F083CE0D23F7}.Release|Any CPU.Build.0 = Release|Any CPU
		{9A67F7DE-D006-4A72-BD1D-D99A4ACDE414}.Debug|Any CPU.ActiveCfg = Debug|Any CPU
		{9A67F7DE-D006-4A72-BD1D-D99A4ACDE414}.Debug|Any CPU.Build.0 = Debug|Any CPU
		{9A67F7DE-D006-4A72-BD1D-D99A4ACDE414}.Release|Any CPU.ActiveCfg = Release|Any CPU
		{9A67F7DE-D006-4A72-BD1D-D99A4ACDE414}.Release|Any CPU.Build.0 = Release|Any CPU
		{DD153A6D-33FC-4886-8124-71DAB8E4D8D9}.Debug|Any CPU.ActiveCfg = Debug|Any CPU
		{DD153A6D-33FC-4886-8124-71DAB8E4D8D9}.Debug|Any CPU.Build.0 = Debug|Any CPU
		{DD153A6D-33FC-4886-8124-71DAB8E4D8D9}.Release|Any CPU.ActiveCfg = Release|Any CPU
		{DD153A6D-33FC-4886-8124-71DAB8E4D8D9}.Release|Any CPU.Build.0 = Release|Any CPU
	EndGlobalSection
EndGlobal
